
Microsoft Visual Studio Solution File, Format Version 12.00
# Visual Studio 15
VisualStudioVersion = 15.0.27004.2006
MinimumVisualStudioVersion = 10.0.40219.1
Project("{FAE04EC0-301F-11D3-BF4B-00C04F79EFBC}") = "Homework 12", "Homework 12\Homework 12.csproj", "{3DBF02F2-8592-4A68-9696-2F9306E2D59C}"
EndProject
Global
	GlobalSection(SolutionConfigurationPlatforms) = preSolution
		Debug|Any CPU = Debug|Any CPU
		Release|Any CPU = Release|Any CPU
	EndGlobalSection
	GlobalSection(ProjectConfigurationPlatforms) = postSolution
		{3DBF02F2-8592-4A68-9696-2F9306E2D59C}.Debug|Any CPU.ActiveCfg = Debug|Any CPU
		{3DBF02F2-8592-4A68-9696-2F9306E2D59C}.Debug|Any CPU.Build.0 = Debug|Any CPU
		{3DBF02F2-8592-4A68-9696-2F9306E2D59C}.Release|Any CPU.ActiveCfg = Release|Any CPU
		{3DBF02F2-8592-4A68-9696-2F9306E2D59C}.Release|Any CPU.Build.0 = Release|Any CPU
	EndGlobalSection
	GlobalSection(SolutionProperties) = preSolution
		HideSolutionNode = FALSE
	EndGlobalSection
	GlobalSection(ExtensibilityGlobals) = postSolution
		SolutionGuid = {A20ED37B-30C5-47EE-9B44-DB2CBFAF16E0}
	EndGlobalSection
EndGlobal
